
Microsoft Visual Studio Solution File, Format Version 12.00
# Visual Studio Version 17
VisualStudioVersion = 17.8.34309.116
MinimumVisualStudioVersion = 10.0.40219.1
Project("{9A19103F-16F7-4668-BE54-9A1E7A4F7556}") = "Blazor_Casa_Imoveis", "Blazor_Casa_Imoveis.csproj", "{54ECD48A-F569-4988-A0BE-DE0509F5BFC6}"
EndProject
Global
	GlobalSection(SolutionConfigurationPlatforms) = preSolution
		Debug|Any CPU = Debug|Any CPU
		Release|Any CPU = Release|Any CPU
	EndGlobalSection
	GlobalSection(ProjectConfigurationPlatforms) = postSolution
		{54ECD48A-F569-4988-A0BE-DE0509F5BFC6}.Debug|Any CPU.ActiveCfg = Debug|Any CPU
		{54ECD48A-F569-4988-A0BE-DE0509F5BFC6}.Debug|Any CPU.Build.0 = Debug|Any CPU
		{54ECD48A-F569-4988-A0BE-DE0509F5BFC6}.Release|Any CPU.ActiveCfg = Release|Any CPU
		{54ECD48A-F569-4988-A0BE-DE0509F5BFC6}.Release|Any CPU.Build.0 = Release|Any CPU
	EndGlobalSection
	GlobalSection(SolutionProperties) = preSolution
		HideSolutionNode = FALSE
	EndGlobalSection
	GlobalSection(ExtensibilityGlobals) = postSolution
		SolutionGuid = {D3AE2D87-9072-45EC-B7BF-A19E528BC457}
	EndGlobalSection
EndGlobal
